
Microsoft Visual Studio Solution File, Format Version 12.00
# Visual Studio 15
VisualStudioVersion = 15.0.27130.2036
MinimumVisualStudioVersion = 10.0.40219.1
Project("{FAE04EC0-301F-11D3-BF4B-00C04F79EFBC}") = "BudgetStuffLiveTdd", "BudgetStuffLiveTdd\BudgetStuffLiveTdd.csproj", "{67E492C8-85BC-4256-B71C-B16F5943982D}"
EndProject
Global
	GlobalSection(SolutionConfigurationPlatforms) = preSolution
		Debug|Any CPU = Debug|Any CPU
		Release|Any CPU = Release|Any CPU
	EndGlobalSection
	GlobalSection(ProjectConfigurationPlatforms) = postSolution
		{67E492C8-85BC-4256-B71C-B16F5943982D}.Debug|Any CPU.ActiveCfg = Debug|Any CPU
		{67E492C8-85BC-4256-B71C-B16F5943982D}.Debug|Any CPU.Build.0 = Debug|Any CPU
		{67E492C8-85BC-4256-B71C-B16F5943982D}.Release|Any CPU.ActiveCfg = Release|Any CPU
		{67E492C8-85BC-4256-B71C-B16F5943982D}.Release|Any CPU.Build.0 = Release|Any CPU
	EndGlobalSection
	GlobalSection(SolutionProperties) = preSolution
		HideSolutionNode = FALSE
	EndGlobalSection
	GlobalSection(ExtensibilityGlobals) = postSolution
		SolutionGuid = {6255A6A0-8131-42AC-9865-1C88D6FCA9A4}
	EndGlobalSection
EndGlobal
